// !$*UTF8*$!
{
	archiveVersion = 1;
	classes = {
	};
	objectVersion = 46;
	objects = {

/* Begin PBXBuildFile section */
		022895491F82804B001CFB15 /* QuestionsTVCell.swift in Sources */ = {isa = PBXBuildFile; fileRef = 022895481F82804B001CFB15 /* QuestionsTVCell.swift */; };
		02299A1E1F6E2122009F17CE /* vazaicon.png in Resources */ = {isa = PBXBuildFile; fileRef = 02299A1D1F6E2122009F17CE /* vazaicon.png */; };
		02299A201F6F2543009F17CE /* NewNotificationVC.swift in Sources */ = {isa = PBXBuildFile; fileRef = 02299A1F1F6F2543009F17CE /* NewNotificationVC.swift */; };
		02299A221F6F2E86009F17CE /* Notification.swift in Sources */ = {isa = PBXBuildFile; fileRef = 02299A211F6F2E86009F17CE /* Notification.swift */; };
		02299A241F6F2F29009F17CE /* Field.swift in Sources */ = {isa = PBXBuildFile; fileRef = 02299A231F6F2F29009F17CE /* Field.swift */; };
		024B7F641F3BF24E004B7888 /* DetailNotificationVC.swift in Sources */ = {isa = PBXBuildFile; fileRef = 024B7F631F3BF24E004B7888 /* DetailNotificationVC.swift */; };
		0261FEC01F0C7E6700F79B46 /* AppDelegate.swift in Sources */ = {isa = PBXBuildFile; fileRef = 0261FEBF1F0C7E6700F79B46 /* AppDelegate.swift */; };
		0261FEC21F0C7E6700F79B46 /* ViewController.swift in Sources */ = {isa = PBXBuildFile; fileRef = 0261FEC11F0C7E6700F79B46 /* ViewController.swift */; };
		0261FEC51F0C7E6700F79B46 /* Main.storyboard in Resources */ = {isa = PBXBuildFile; fileRef = 0261FEC31F0C7E6700F79B46 /* Main.storyboard */; };
		0261FEC71F0C7E6700F79B46 /* Assets.xcassets in Resources */ = {isa = PBXBuildFile; fileRef = 0261FEC61F0C7E6700F79B46 /* Assets.xcassets */; };
		0261FECA1F0C7E6700F79B46 /* LaunchScreen.storyboard in Resources */ = {isa = PBXBuildFile; fileRef = 0261FEC81F0C7E6700F79B46 /* LaunchScreen.storyboard */; };
		0261FED21F0C7E8500F79B46 /* Podfile in Resources */ = {isa = PBXBuildFile; fileRef = 0261FED11F0C7E8500F79B46 /* Podfile */; };
		028F950A1F159B6A0057B753 /* ContentInstagram.swift in Sources */ = {isa = PBXBuildFile; fileRef = 028F95091F159B6A0057B753 /* ContentInstagram.swift */; };
		028F950C1F159DF10057B753 /* CaptionInstagram.swift in Sources */ = {isa = PBXBuildFile; fileRef = 028F950B1F159DF10057B753 /* CaptionInstagram.swift */; };
		028F95101F159F2E0057B753 /* UserInstagram.swift in Sources */ = {isa = PBXBuildFile; fileRef = 028F950F1F159F2E0057B753 /* UserInstagram.swift */; };
		028F95121F15A0010057B753 /* ImagesInstagram.swift in Sources */ = {isa = PBXBuildFile; fileRef = 028F95111F15A0010057B753 /* ImagesInstagram.swift */; };
		028F95141F15A3FC0057B753 /* LocationInstagram.swift in Sources */ = {isa = PBXBuildFile; fileRef = 028F95131F15A3FC0057B753 /* LocationInstagram.swift */; };
		028F95161F15A8AE0057B753 /* instagram.json in Resources */ = {isa = PBXBuildFile; fileRef = 028F95151F15A8AE0057B753 /* instagram.json */; };
		028F95181F15ACD60057B753 /* DetailInstagramVC.swift in Sources */ = {isa = PBXBuildFile; fileRef = 028F95171F15ACD60057B753 /* DetailInstagramVC.swift */; };
		02CD66AE1F0C8F9D009065C2 /* RestApiManager.swift in Sources */ = {isa = PBXBuildFile; fileRef = 02CD66AD1F0C8F9D009065C2 /* RestApiManager.swift */; };
		02CD66B01F0DDD94009065C2 /* Content.swift in Sources */ = {isa = PBXBuildFile; fileRef = 02CD66AF1F0DDD94009065C2 /* Content.swift */; };
		02CD66B31F0DDE5C009065C2 /* GeoLocation.swift in Sources */ = {isa = PBXBuildFile; fileRef = 02CD66B21F0DDE5C009065C2 /* GeoLocation.swift */; };
		02CD66B51F0DDE8D009065C2 /* User.swift in Sources */ = {isa = PBXBuildFile; fileRef = 02CD66B41F0DDE8D009065C2 /* User.swift */; };
		02CD66B71F0DDEF6009065C2 /* Classification.swift in Sources */ = {isa = PBXBuildFile; fileRef = 02CD66B61F0DDEF6009065C2 /* Classification.swift */; };
		02CD66B91F1168DD009065C2 /* FileApiManager.swift in Sources */ = {isa = PBXBuildFile; fileRef = 02CD66B81F1168DD009065C2 /* FileApiManager.swift */; };
		02CD66BB1F11721C009065C2 /* ContentNotification.swift in Sources */ = {isa = PBXBuildFile; fileRef = 02CD66BA1F11721C009065C2 /* ContentNotification.swift */; };
		02CD66BF1F1174B0009065C2 /* Type.swift in Sources */ = {isa = PBXBuildFile; fileRef = 02CD66BE1F1174B0009065C2 /* Type.swift */; };
		02CD66C11F11783B009065C2 /* Picture.swift in Sources */ = {isa = PBXBuildFile; fileRef = 02CD66C01F11783B009065C2 /* Picture.swift */; };
		02CD66C31F11DB80009065C2 /* DetailTweetVC.swift in Sources */ = {isa = PBXBuildFile; fileRef = 02CD66C21F11DB80009065C2 /* DetailTweetVC.swift */; };
		02CD66C51F1480AA009065C2 /* FileHandler.swift in Sources */ = {isa = PBXBuildFile; fileRef = 02CD66C41F1480AA009065C2 /* FileHandler.swift */; };
		02CD66CE1F148475009065C2 /* tweet.json in Resources */ = {isa = PBXBuildFile; fileRef = 02CD66CD1F148475009065C2 /* tweet.json */; };
		02CD66D01F148B44009065C2 /* notifications.json in Resources */ = {isa = PBXBuildFile; fileRef = 02CD66CF1F148B44009065C2 /* notifications.json */; };
		02CD66E01F1495F1009065C2 /* teste.png in Resources */ = {isa = PBXBuildFile; fileRef = 02CD66DF1F1495F1009065C2 /* teste.png */; };
		02CD66E21F149693009065C2 /* opa.png in Resources */ = {isa = PBXBuildFile; fileRef = 02CD66E11F149693009065C2 /* opa.png */; };
		02CD66E81F14FE3C009065C2 /* blue-dot.png in Resources */ = {isa = PBXBuildFile; fileRef = 02CD66E31F14FE3C009065C2 /* blue-dot.png */; };
		02CD66E91F14FE3C009065C2 /* green-dot.png in Resources */ = {isa = PBXBuildFile; fileRef = 02CD66E41F14FE3C009065C2 /* green-dot.png */; };
		02CD66EA1F14FE3C009065C2 /* purple-dot.png in Resources */ = {isa = PBXBuildFile; fileRef = 02CD66E51F14FE3C009065C2 /* purple-dot.png */; };
		02CD66EB1F14FE3C009065C2 /* red-dot.png in Resources */ = {isa = PBXBuildFile; fileRef = 02CD66E61F14FE3C009065C2 /* red-dot.png */; };
		02CD66EC1F14FE3C009065C2 /* yellow-dot.png in Resources */ = {isa = PBXBuildFile; fileRef = 02CD66E71F14FE3C009065C2 /* yellow-dot.png */; };
		02CD66EE1F15178A009065C2 /* twitter-icon.png in Resources */ = {isa = PBXBuildFile; fileRef = 02CD66ED1F15178A009065C2 /* twitter-icon.png */; };
		02CD66F01F151CF6009065C2 /* twitter-logo2.png in Resources */ = {isa = PBXBuildFile; fileRef = 02CD66EF1F151CF6009065C2 /* twitter-logo2.png */; };
		80BA42F209424D3D8D4E2299 /* libPods-Vaza.a in Frameworks */ = {isa = PBXBuildFile; fileRef = 2086A13E6D180C5C1E609CFD /* libPods-Vaza.a */; };
/* End PBXBuildFile section */

/* Begin PBXFileReference section */
		022895481F82804B001CFB15 /* QuestionsTVCell.swift */ = {isa = PBXFileReference; fileEncoding = 4; lastKnownFileType = sourcecode.swift; name = QuestionsTVCell.swift; path = ../QuestionsTVCell.swift; sourceTree = "<group>"; };
		02299A1D1F6E2122009F17CE /* vazaicon.png */ = {isa = PBXFileReference; lastKnownFileType = image.png; name = vazaicon.png; path = ../../Downloads/vazaicon.png; sourceTree = "<group>"; };
		02299A1F1F6F2543009F17CE /* NewNotificationVC.swift */ = {isa = PBXFileReference; fileEncoding = 4; lastKnownFileType = sourcecode.swift; path = NewNotificationVC.swift; sourceTree = "<group>"; };
		02299A211F6F2E86009F17CE /* Notification.swift */ = {isa = PBXFileReference; fileEncoding = 4; lastKnownFileType = sourcecode.swift; path = Notification.swift; sourceTree = "<group>"; };
		02299A231F6F2F29009F17CE /* Field.swift */ = {isa = PBXFileReference; fileEncoding = 4; lastKnownFileType = sourcecode.swift; path = Field.swift; sourceTree = "<group>"; };
		024B7F631F3BF24E004B7888 /* DetailNotificationVC.swift */ = {isa = PBXFileReference; fileEncoding = 4; lastKnownFileType = sourcecode.swift; name = DetailNotificationVC.swift; path = ../DetailNotificationVC.swift; sourceTree = "<group>"; };
		0261FEBC1F0C7E6700F79B46 /* Vaza.app */ = {isa = PBXFileReference; explicitFileType = wrapper.application; includeInIndex = 0; path = Vaza.app; sourceTree = BUILT_PRODUCTS_DIR; };
		0261FEBF1F0C7E6700F79B46 /* AppDelegate.swift */ = {isa = PBXFileReference; lastKnownFileType = sourcecode.swift; path = AppDelegate.swift; sourceTree = "<group>"; };
		0261FEC11F0C7E6700F79B46 /* ViewController.swift */ = {isa = PBXFileReference; lastKnownFileType = sourcecode.swift; path = ViewController.swift; sourceTree = "<group>"; };
		0261FEC41F0C7E6700F79B46 /* Base */ = {isa = PBXFileReference; lastKnownFileType = file.storyboard; name = Base; path = Base.lproj/Main.storyboard; sourceTree = "<group>"; };
		0261FEC61F0C7E6700F79B46 /* Assets.xcassets */ = {isa = PBXFileReference; lastKnownFileType = folder.assetcatalog; path = Assets.xcassets; sourceTree = "<group>"; };
		0261FEC91F0C7E6700F79B46 /* Base */ = {isa = PBXFileReference; lastKnownFileType = file.storyboard; name = Base; path = Base.lproj/LaunchScreen.storyboard; sourceTree = "<group>"; };
		0261FECB1F0C7E6700F79B46 /* Info.plist */ = {isa = PBXFileReference; lastKnownFileType = text.plist.xml; path = Info.plist; sourceTree = "<group>"; };
		0261FED11F0C7E8500F79B46 /* Podfile */ = {isa = PBXFileReference; fileEncoding = 4; lastKnownFileType = text; path = Podfile; sourceTree = "<group>"; xcLanguageSpecificationIdentifier = xcode.lang.ruby; };
		028F95091F159B6A0057B753 /* ContentInstagram.swift */ = {isa = PBXFileReference; fileEncoding = 4; lastKnownFileType = sourcecode.swift; path = ContentInstagram.swift; sourceTree = "<group>"; };
		028F950B1F159DF10057B753 /* CaptionInstagram.swift */ = {isa = PBXFileReference; fileEncoding = 4; lastKnownFileType = sourcecode.swift; path = CaptionInstagram.swift; sourceTree = "<group>"; };
		028F950F1F159F2E0057B753 /* UserInstagram.swift */ = {isa = PBXFileReference; fileEncoding = 4; lastKnownFileType = sourcecode.swift; path = UserInstagram.swift; sourceTree = "<group>"; };
		028F95111F15A0010057B753 /* ImagesInstagram.swift */ = {isa = PBXFileReference; fileEncoding = 4; lastKnownFileType = sourcecode.swift; path = ImagesInstagram.swift; sourceTree = "<group>"; };
		028F95131F15A3FC0057B753 /* LocationInstagram.swift */ = {isa = PBXFileReference; fileEncoding = 4; lastKnownFileType = sourcecode.swift; path = LocationInstagram.swift; sourceTree = "<group>"; };
		028F95151F15A8AE0057B753 /* instagram.json */ = {isa = PBXFileReference; fileEncoding = 4; lastKnownFileType = text.json; name = instagram.json; path = ../../Downloads/instagram.json; sourceTree = "<group>"; };
		028F95171F15ACD60057B753 /* DetailInstagramVC.swift */ = {isa = PBXFileReference; fileEncoding = 4; lastKnownFileType = sourcecode.swift; path = DetailInstagramVC.swift; sourceTree = "<group>"; };
		02CD66AD1F0C8F9D009065C2 /* RestApiManager.swift */ = {isa = PBXFileReference; fileEncoding = 4; lastKnownFileType = sourcecode.swift; path = RestApiManager.swift; sourceTree = "<group>"; };
		02CD66AF1F0DDD94009065C2 /* Content.swift */ = {isa = PBXFileReference; fileEncoding = 4; lastKnownFileType = sourcecode.swift; path = Content.swift; sourceTree = "<group>"; };
		02CD66B21F0DDE5C009065C2 /* GeoLocation.swift */ = {isa = PBXFileReference; fileEncoding = 4; lastKnownFileType = sourcecode.swift; path = GeoLocation.swift; sourceTree = "<group>"; };
		02CD66B41F0DDE8D009065C2 /* User.swift */ = {isa = PBXFileReference; fileEncoding = 4; lastKnownFileType = sourcecode.swift; path = User.swift; sourceTree = "<group>"; };
		02CD66B61F0DDEF6009065C2 /* Classification.swift */ = {isa = PBXFileReference; fileEncoding = 4; lastKnownFileType = sourcecode.swift; path = Classification.swift; sourceTree = "<group>"; };
		02CD66B81F1168DD009065C2 /* FileApiManager.swift */ = {isa = PBXFileReference; fileEncoding = 4; lastKnownFileType = sourcecode.swift; path = FileApiManager.swift; sourceTree = "<group>"; };
		02CD66BA1F11721C009065C2 /* ContentNotification.swift */ = {isa = PBXFileReference; fileEncoding = 4; lastKnownFileType = sourcecode.swift; path = ContentNotification.swift; sourceTree = "<group>"; };
		02CD66BE1F1174B0009065C2 /* Type.swift */ = {isa = PBXFileReference; fileEncoding = 4; lastKnownFileType = sourcecode.swift; name = Type.swift; path = ../Type.swift; sourceTree = "<group>"; };
		02CD66C01F11783B009065C2 /* Picture.swift */ = {isa = PBXFileReference; fileEncoding = 4; lastKnownFileType = sourcecode.swift; path = Picture.swift; sourceTree = "<group>"; };
		02CD66C21F11DB80009065C2 /* DetailTweetVC.swift */ = {isa = PBXFileReference; fileEncoding = 4; lastKnownFileType = sourcecode.swift; path = DetailTweetVC.swift; sourceTree = "<group>"; };
		02CD66C41F1480AA009065C2 /* FileHandler.swift */ = {isa = PBXFileReference; fileEncoding = 4; lastKnownFileType = sourcecode.swift; path = FileHandler.swift; sourceTree = "<group>"; };
		02CD66CD1F148475009065C2 /* tweet.json */ = {isa = PBXFileReference; fileEncoding = 4; lastKnownFileType = text.json; name = tweet.json; path = Resources/tweet.json; sourceTree = "<group>"; };
		02CD66CF1F148B44009065C2 /* notifications.json */ = {isa = PBXFileReference; fileEncoding = 4; lastKnownFileType = text.json; name = notifications.json; path = ../../Downloads/notifications.json; sourceTree = "<group>"; };
		02CD66DF1F1495F1009065C2 /* teste.png */ = {isa = PBXFileReference; lastKnownFileType = image.png; name = teste.png; path = ../../Downloads/teste.png; sourceTree = "<group>"; };
		02CD66E11F149693009065C2 /* opa.png */ = {isa = PBXFileReference; lastKnownFileType = image.png; name = opa.png; path = ../../Downloads/opa.png; sourceTree = "<group>"; };
		02CD66E31F14FE3C009065C2 /* blue-dot.png */ = {isa = PBXFileReference; lastKnownFileType = image.png; name = "blue-dot.png"; path = "../../IdeaProjects/dengue-web-app/app/img/markers-google/blue-dot.png"; sourceTree = "<group>"; };
		02CD66E41F14FE3C009065C2 /* green-dot.png */ = {isa = PBXFileReference; lastKnownFileType = image.png; name = "green-dot.png"; path = "../../IdeaProjects/dengue-web-app/app/img/markers-google/green-dot.png"; sourceTree = "<group>"; };
		02CD66E51F14FE3C009065C2 /* purple-dot.png */ = {isa = PBXFileReference; lastKnownFileType = image.png; name = "purple-dot.png"; path = "../../IdeaProjects/dengue-web-app/app/img/markers-google/purple-dot.png"; sourceTree = "<group>"; };
		02CD66E61F14FE3C009065C2 /* red-dot.png */ = {isa = PBXFileReference; lastKnownFileType = image.png; name = "red-dot.png"; path = "../../IdeaProjects/dengue-web-app/app/img/markers-google/red-dot.png"; sourceTree = "<group>"; };
		02CD66E71F14FE3C009065C2 /* yellow-dot.png */ = {isa = PBXFileReference; lastKnownFileType = image.png; name = "yellow-dot.png"; path = "../../IdeaProjects/dengue-web-app/app/img/markers-google/yellow-dot.png"; sourceTree = "<group>"; };
		02CD66ED1F15178A009065C2 /* twitter-icon.png */ = {isa = PBXFileReference; lastKnownFileType = image.png; name = "twitter-icon.png"; path = "../../Downloads/twitter-icon.png"; sourceTree = "<group>"; };
		02CD66EF1F151CF6009065C2 /* twitter-logo2.png */ = {isa = PBXFileReference; lastKnownFileType = image.png; name = "twitter-logo2.png"; path = "../../Downloads/twitter-logo2.png"; sourceTree = "<group>"; };
		2086A13E6D180C5C1E609CFD /* libPods-Vaza.a */ = {isa = PBXFileReference; explicitFileType = archive.ar; includeInIndex = 0; path = "libPods-Vaza.a"; sourceTree = BUILT_PRODUCTS_DIR; };
		DDEE1A473FD8BFEDEC83CB31 /* Pods-Vaza.debug.xcconfig */ = {isa = PBXFileReference; includeInIndex = 1; lastKnownFileType = text.xcconfig; name = "Pods-Vaza.debug.xcconfig"; path = "Pods/Target Support Files/Pods-Vaza/Pods-Vaza.debug.xcconfig"; sourceTree = "<group>"; };
		F4AC3CB035B152B5F20BEC2D /* Pods-Vaza.release.xcconfig */ = {isa = PBXFileReference; includeInIndex = 1; lastKnownFileType = text.xcconfig; name = "Pods-Vaza.release.xcconfig"; path = "Pods/Target Support Files/Pods-Vaza/Pods-Vaza.release.xcconfig"; sourceTree = "<group>"; };
/* End PBXFileReference section */

/* Begin PBXFrameworksBuildPhase section */
		0261FEB91F0C7E6700F79B46 /* Frameworks */ = {
			isa = PBXFrameworksBuildPhase;
			buildActionMask = 2147483647;
			files = (
				80BA42F209424D3D8D4E2299 /* libPods-Vaza.a in Frameworks */,
			);
			runOnlyForDeploymentPostprocessing = 0;
		};
/* End PBXFrameworksBuildPhase section */

/* Begin PBXGroup section */
		02299A1B1F6B8F04009F17CE /* ViewControllers */ = {
			isa = PBXGroup;
			children = (
				0261FEC11F0C7E6700F79B46 /* ViewController.swift */,
				02CD66C21F11DB80009065C2 /* DetailTweetVC.swift */,
				028F95171F15ACD60057B753 /* DetailInstagramVC.swift */,
				024B7F631F3BF24E004B7888 /* DetailNotificationVC.swift */,
				02299A1F1F6F2543009F17CE /* NewNotificationVC.swift */,
			);
			name = ViewControllers;
			sourceTree = "<group>";
		};
		02299A1C1F6B8F27009F17CE /* Util */ = {
			isa = PBXGroup;
			children = (
				02CD66AD1F0C8F9D009065C2 /* RestApiManager.swift */,
				02CD66C41F1480AA009065C2 /* FileHandler.swift */,
			);
			name = Util;
			sourceTree = "<group>";
		};
		0261FEB31F0C7E6700F79B46 = {
			isa = PBXGroup;
			children = (
				02CD66CC1F148463009065C2 /* Resources */,
				02CD66B81F1168DD009065C2 /* FileApiManager.swift */,
				0261FED11F0C7E8500F79B46 /* Podfile */,
				0261FEBE1F0C7E6700F79B46 /* Vaza */,
				0261FEBD1F0C7E6700F79B46 /* Products */,
				F2A3D7727E74BF8C8A252721 /* Pods */,
				C6A8B6826845F74E62C2C479 /* Frameworks */,
			);
			sourceTree = "<group>";
		};
		0261FEBD1F0C7E6700F79B46 /* Products */ = {
			isa = PBXGroup;
			children = (
				0261FEBC1F0C7E6700F79B46 /* Vaza.app */,
			);
			name = Products;
			sourceTree = "<group>";
		};
		0261FEBE1F0C7E6700F79B46 /* Vaza */ = {
			isa = PBXGroup;
			children = (
				02299A1C1F6B8F27009F17CE /* Util */,
				02299A1B1F6B8F04009F17CE /* ViewControllers */,
				028F950D1F159EFB0057B753 /* Model */,
				028F95081F159B460057B753 /* ContentUtil */,
				028F95071F159B0E0057B753 /* Contents */,
				0261FEBF1F0C7E6700F79B46 /* AppDelegate.swift */,
				0261FEC31F0C7E6700F79B46 /* Main.storyboard */,
				022895481F82804B001CFB15 /* QuestionsTVCell.swift */,
				0261FEC61F0C7E6700F79B46 /* Assets.xcassets */,
				0261FEC81F0C7E6700F79B46 /* LaunchScreen.storyboard */,
				0261FECB1F0C7E6700F79B46 /* Info.plist */,
			);
			path = Vaza;
			sourceTree = "<group>";
		};
		028F95071F159B0E0057B753 /* Contents */ = {
			isa = PBXGroup;
			children = (
				02CD66AF1F0DDD94009065C2 /* Content.swift */,
				02CD66BA1F11721C009065C2 /* ContentNotification.swift */,
			);
			name = Contents;
			sourceTree = "<group>";
		};
		028F95081F159B460057B753 /* ContentUtil */ = {
			isa = PBXGroup;
			children = (
				02CD66B21F0DDE5C009065C2 /* GeoLocation.swift */,
				02CD66B41F0DDE8D009065C2 /* User.swift */,
				02CD66BE1F1174B0009065C2 /* Type.swift */,
				02CD66B61F0DDEF6009065C2 /* Classification.swift */,
				02CD66C01F11783B009065C2 /* Picture.swift */,
			);
			name = ContentUtil;
			sourceTree = "<group>";
		};
		028F950D1F159EFB0057B753 /* Model */ = {
			isa = PBXGroup;
			children = (
				028F950E1F159F040057B753 /* ContentInstagram */,
				02299A211F6F2E86009F17CE /* Notification.swift */,
				02299A231F6F2F29009F17CE /* Field.swift */,
			);
			name = Model;
			sourceTree = "<group>";
		};
		028F950E1F159F040057B753 /* ContentInstagram */ = {
			isa = PBXGroup;
			children = (
				028F95091F159B6A0057B753 /* ContentInstagram.swift */,
				028F950B1F159DF10057B753 /* CaptionInstagram.swift */,
				028F950F1F159F2E0057B753 /* UserInstagram.swift */,
				028F95111F15A0010057B753 /* ImagesInstagram.swift */,
				028F95131F15A3FC0057B753 /* LocationInstagram.swift */,
			);
			name = ContentInstagram;
			sourceTree = "<group>";
		};
		02CD66CC1F148463009065C2 /* Resources */ = {
			isa = PBXGroup;
			children = (
				02299A1D1F6E2122009F17CE /* vazaicon.png */,
				02CD66EF1F151CF6009065C2 /* twitter-logo2.png */,
				02CD66ED1F15178A009065C2 /* twitter-icon.png */,
				02CD66CF1F148B44009065C2 /* notifications.json */,
				02CD66CD1F148475009065C2 /* tweet.json */,
				028F95151F15A8AE0057B753 /* instagram.json */,
				02CD66E11F149693009065C2 /* opa.png */,
				02CD66DF1F1495F1009065C2 /* teste.png */,
				02CD66E31F14FE3C009065C2 /* blue-dot.png */,
				02CD66E41F14FE3C009065C2 /* green-dot.png */,
				02CD66E51F14FE3C009065C2 /* purple-dot.png */,
				02CD66E61F14FE3C009065C2 /* red-dot.png */,
				02CD66E71F14FE3C009065C2 /* yellow-dot.png */,
			);
			name = Resources;
			sourceTree = "<group>";
		};
		C6A8B6826845F74E62C2C479 /* Frameworks */ = {
			isa = PBXGroup;
			children = (
				2086A13E6D180C5C1E609CFD /* libPods-Vaza.a */,
			);
			name = Frameworks;
			sourceTree = "<group>";
		};
		F2A3D7727E74BF8C8A252721 /* Pods */ = {
			isa = PBXGroup;
			children = (
				DDEE1A473FD8BFEDEC83CB31 /* Pods-Vaza.debug.xcconfig */,
				F4AC3CB035B152B5F20BEC2D /* Pods-Vaza.release.xcconfig */,
			);
			name = Pods;
			sourceTree = "<group>";
		};
/* End PBXGroup section */

/* Begin PBXNativeTarget section */
		0261FEBB1F0C7E6700F79B46 /* Vaza */ = {
			isa = PBXNativeTarget;
			buildConfigurationList = 0261FECE1F0C7E6700F79B46 /* Build configuration list for PBXNativeTarget "Vaza" */;
			buildPhases = (
				C7BC8A519EEEA874EA20132C /* [CP] Check Pods Manifest.lock */,
				0261FEB81F0C7E6700F79B46 /* Sources */,
				0261FEB91F0C7E6700F79B46 /* Frameworks */,
				0261FEBA1F0C7E6700F79B46 /* Resources */,
				000414A784A2D943C4653D25 /* [CP] Embed Pods Frameworks */,
				F0C9B559E306A681CA273DE5 /* [CP] Copy Pods Resources */,
			);
			buildRules = (
			);
			dependencies = (
			);
			name = Vaza;
			productName = Vaza;
			productReference = 0261FEBC1F0C7E6700F79B46 /* Vaza.app */;
			productType = "com.apple.product-type.application";
		};
/* End PBXNativeTarget section */

/* Begin PBXProject section */
		0261FEB41F0C7E6700F79B46 /* Project object */ = {
			isa = PBXProject;
			attributes = {
				LastSwiftUpdateCheck = 0830;
				LastUpgradeCheck = 0830;
				ORGANIZATIONNAME = "Anderson Oliveira";
				TargetAttributes = {
					0261FEBB1F0C7E6700F79B46 = {
						CreatedOnToolsVersion = 8.3.3;
						DevelopmentTeam = ZRHSTMPTJB;
						ProvisioningStyle = Automatic;
					};
				};
			};
			buildConfigurationList = 0261FEB71F0C7E6700F79B46 /* Build configuration list for PBXProject "Vaza" */;
			compatibilityVersion = "Xcode 3.2";
			developmentRegion = English;
			hasScannedForEncodings = 0;
			knownRegions = (
				en,
				Base,
			);
			mainGroup = 0261FEB31F0C7E6700F79B46;
			productRefGroup = 0261FEBD1F0C7E6700F79B46 /* Products */;
			projectDirPath = "";
			projectRoot = "";
			targets = (
				0261FEBB1F0C7E6700F79B46 /* Vaza */,
			);
		};
/* End PBXProject section */

/* Begin PBXResourcesBuildPhase section */
		0261FEBA1F0C7E6700F79B46 /* Resources */ = {
			isa = PBXResourcesBuildPhase;
			buildActionMask = 2147483647;
			files = (
				02CD66E91F14FE3C009065C2 /* green-dot.png in Resources */,
				02CD66CE1F148475009065C2 /* tweet.json in Resources */,
				0261FECA1F0C7E6700F79B46 /* LaunchScreen.storyboard in Resources */,
				02CD66D01F148B44009065C2 /* notifications.json in Resources */,
				02CD66EC1F14FE3C009065C2 /* yellow-dot.png in Resources */,
				02CD66EE1F15178A009065C2 /* twitter-icon.png in Resources */,
				02CD66EB1F14FE3C009065C2 /* red-dot.png in Resources */,
				02CD66E01F1495F1009065C2 /* teste.png in Resources */,
				02299A1E1F6E2122009F17CE /* vazaicon.png in Resources */,
				0261FEC71F0C7E6700F79B46 /* Assets.xcassets in Resources */,
				02CD66F01F151CF6009065C2 /* twitter-logo2.png in Resources */,
				028F95161F15A8AE0057B753 /* instagram.json in Resources */,
				0261FED21F0C7E8500F79B46 /* Podfile in Resources */,
				02CD66E81F14FE3C009065C2 /* blue-dot.png in Resources */,
				02CD66EA1F14FE3C009065C2 /* purple-dot.png in Resources */,
				02CD66E21F149693009065C2 /* opa.png in Resources */,
				0261FEC51F0C7E6700F79B46 /* Main.storyboard in Resources */,
			);
			runOnlyForDeploymentPostprocessing = 0;
		};
/* End PBXResourcesBuildPhase section */

/* Begin PBXShellScriptBuildPhase section */
		000414A784A2D943C4653D25 /* [CP] Embed Pods Frameworks */ = {
			isa = PBXShellScriptBuildPhase;
			buildActionMask = 2147483647;
			files = (
			);
			inputPaths = (
			);
			name = "[CP] Embed Pods Frameworks";
			outputPaths = (
			);
			runOnlyForDeploymentPostprocessing = 0;
			shellPath = /bin/sh;
			shellScript = "\"${SRCROOT}/Pods/Target Support Files/Pods-Vaza/Pods-Vaza-frameworks.sh\"\n";
			showEnvVarsInLog = 0;
		};
		C7BC8A519EEEA874EA20132C /* [CP] Check Pods Manifest.lock */ = {
			isa = PBXShellScriptBuildPhase;
			buildActionMask = 2147483647;
			files = (
			);
			inputPaths = (
			);
			name = "[CP] Check Pods Manifest.lock";
			outputPaths = (
			);
			runOnlyForDeploymentPostprocessing = 0;
			shellPath = /bin/sh;
			shellScript = "diff \"${PODS_PODFILE_DIR_PATH}/Podfile.lock\" \"${PODS_ROOT}/Manifest.lock\" > /dev/null\nif [ $? != 0 ] ; then\n    # print error to STDERR\n    echo \"error: The sandbox is not in sync with the Podfile.lock. Run 'pod install' or update your CocoaPods installation.\" >&2\n    exit 1\nfi\n";
			showEnvVarsInLog = 0;
		};
		F0C9B559E306A681CA273DE5 /* [CP] Copy Pods Resources */ = {
			isa = PBXShellScriptBuildPhase;
			buildActionMask = 2147483647;
			files = (
			);
			inputPaths = (
			);
			name = "[CP] Copy Pods Resources";
			outputPaths = (
			);
			runOnlyForDeploymentPostprocessing = 0;
			shellPath = /bin/sh;
			shellScript = "\"${SRCROOT}/Pods/Target Support Files/Pods-Vaza/Pods-Vaza-resources.sh\"\n";
			showEnvVarsInLog = 0;
		};
/* End PBXShellScriptBuildPhase section */

/* Begin PBXSourcesBuildPhase section */
		0261FEB81F0C7E6700F79B46 /* Sources */ = {
			isa = PBXSourcesBuildPhase;
			buildActionMask = 2147483647;
			files = (
				0261FEC21F0C7E6700F79B46 /* ViewController.swift in Sources */,
				0261FEC01F0C7E6700F79B46 /* AppDelegate.swift in Sources */,
				028F95181F15ACD60057B753 /* DetailInstagramVC.swift in Sources */,
				02CD66B71F0DDEF6009065C2 /* Classification.swift in Sources */,
				024B7F641F3BF24E004B7888 /* DetailNotificationVC.swift in Sources */,
				028F95101F159F2E0057B753 /* UserInstagram.swift in Sources */,
				02CD66C11F11783B009065C2 /* Picture.swift in Sources */,
				02299A201F6F2543009F17CE /* NewNotificationVC.swift in Sources */,
				02299A221F6F2E86009F17CE /* Notification.swift in Sources */,
				02CD66B51F0DDE8D009065C2 /* User.swift in Sources */,
				028F95121F15A0010057B753 /* ImagesInstagram.swift in Sources */,
				02CD66B91F1168DD009065C2 /* FileApiManager.swift in Sources */,
				02CD66BF1F1174B0009065C2 /* Type.swift in Sources */,
				02CD66C31F11DB80009065C2 /* DetailTweetVC.swift in Sources */,
				028F950C1F159DF10057B753 /* CaptionInstagram.swift in Sources */,
				028F95141F15A3FC0057B753 /* LocationInstagram.swift in Sources */,
				02CD66C51F1480AA009065C2 /* FileHandler.swift in Sources */,
				02CD66B31F0DDE5C009065C2 /* GeoLocation.swift in Sources */,
				02CD66AE1F0C8F9D009065C2 /* RestApiManager.swift in Sources */,
				02CD66B01F0DDD94009065C2 /* Content.swift in Sources */,
				028F950A1F159B6A0057B753 /* ContentInstagram.swift in Sources */,
				022895491F82804B001CFB15 /* QuestionsTVCell.swift in Sources */,
				02CD66BB1F11721C009065C2 /* ContentNotification.swift in Sources */,
				02299A241F6F2F29009F17CE /* Field.swift in Sources */,
			);
			runOnlyForDeploymentPostprocessing = 0;
		};
/* End PBXSourcesBuildPhase section */

/* Begin PBXVariantGroup section */
		0261FEC31F0C7E6700F79B46 /* Main.storyboard */ = {
			isa = PBXVariantGroup;
			children = (
				0261FEC41F0C7E6700F79B46 /* Base */,
			);
			name = Main.storyboard;
			sourceTree = "<group>";
		};
		0261FEC81F0C7E6700F79B46 /* LaunchScreen.storyboard */ = {
			isa = PBXVariantGroup;
			children = (
				0261FEC91F0C7E6700F79B46 /* Base */,
			);
			name = LaunchScreen.storyboard;
			sourceTree = "<group>";
		};
/* End PBXVariantGroup section */

/* Begin XCBuildConfiguration section */
		0261FECC1F0C7E6700F79B46 /* Debug */ = {
			isa = XCBuildConfiguration;
			buildSettings = {
				ALWAYS_SEARCH_USER_PATHS = NO;
				CLANG_ANALYZER_NONNULL = YES;
				CLANG_ANALYZER_NUMBER_OBJECT_CONVERSION = YES_AGGRESSIVE;
				CLANG_CXX_LANGUAGE_STANDARD = "gnu++0x";
				CLANG_CXX_LIBRARY = "libc++";
				CLANG_ENABLE_MODULES = YES;
				CLANG_ENABLE_OBJC_ARC = YES;
				CLANG_WARN_BOOL_CONVERSION = YES;
				CLANG_WARN_CONSTANT_CONVERSION = YES;
				CLANG_WARN_DIRECT_OBJC_ISA_USAGE = YES_ERROR;
				CLANG_WARN_DOCUMENTATION_COMMENTS = YES;
				CLANG_WARN_EMPTY_BODY = YES;
				CLANG_WARN_ENUM_CONVERSION = YES;
				CLANG_WARN_INFINITE_RECURSION = YES;
				CLANG_WARN_INT_CONVERSION = YES;
				CLANG_WARN_OBJC_ROOT_CLASS = YES_ERROR;
				CLANG_WARN_SUSPICIOUS_MOVE = YES;
				CLANG_WARN_UNREACHABLE_CODE = YES;
				CLANG_WARN__DUPLICATE_METHOD_MATCH = YES;
				"CODE_SIGN_IDENTITY[sdk=iphoneos*]" = "iPhone Developer";
				COPY_PHASE_STRIP = NO;
				DEBUG_INFORMATION_FORMAT = dwarf;
				ENABLE_STRICT_OBJC_MSGSEND = YES;
				ENABLE_TESTABILITY = YES;
				GCC_C_LANGUAGE_STANDARD = gnu99;
				GCC_DYNAMIC_NO_PIC = NO;
				GCC_NO_COMMON_BLOCKS = YES;
				GCC_OPTIMIZATION_LEVEL = 0;
				GCC_PREPROCESSOR_DEFINITIONS = (
					"DEBUG=1",
					"$(inherited)",
				);
				GCC_WARN_64_TO_32_BIT_CONVERSION = YES;
				GCC_WARN_ABOUT_RETURN_TYPE = YES_ERROR;
				GCC_WARN_UNDECLARED_SELECTOR = YES;
				GCC_WARN_UNINITIALIZED_AUTOS = YES_AGGRESSIVE;
				GCC_WARN_UNUSED_FUNCTION = YES;
				GCC_WARN_UNUSED_VARIABLE = YES;
				IPHONEOS_DEPLOYMENT_TARGET = 10.3;
				MTL_ENABLE_DEBUG_INFO = YES;
				ONLY_ACTIVE_ARCH = YES;
				SDKROOT = iphoneos;
				SWIFT_ACTIVE_COMPILATION_CONDITIONS = DEBUG;
				SWIFT_OPTIMIZATION_LEVEL = "-Onone";
				TARGETED_DEVICE_FAMILY = "1,2";
			};
			name = Debug;
		};
		0261FECD1F0C7E6700F79B46 /* Release */ = {
			isa = XCBuildConfiguration;
			buildSettings = {
				ALWAYS_SEARCH_USER_PATHS = NO;
				CLANG_ANALYZER_NONNULL = YES;
				CLANG_ANALYZER_NUMBER_OBJECT_CONVERSION = YES_AGGRESSIVE;
				CLANG_CXX_LANGUAGE_STANDARD = "gnu++0x";
				CLANG_CXX_LIBRARY = "libc++";
				CLANG_ENABLE_MODULES = YES;
				CLANG_ENABLE_OBJC_ARC = YES;
				CLANG_WARN_BOOL_CONVERSION = YES;
				CLANG_WARN_CONSTANT_CONVERSION = YES;
				CLANG_WARN_DIRECT_OBJC_ISA_USAGE = YES_ERROR;
				CLANG_WARN_DOCUMENTATION_COMMENTS = YES;
				CLANG_WARN_EMPTY_BODY = YES;
				CLANG_WARN_ENUM_CONVERSION = YES;
				CLANG_WARN_INFINITE_RECURSION = YES;
				CLANG_WARN_INT_CONVERSION = YES;
				CLANG_WARN_OBJC_ROOT_CLASS = YES_ERROR;
				CLANG_WARN_SUSPICIOUS_MOVE = YES;
				CLANG_WARN_UNREACHABLE_CODE = YES;
				CLANG_WARN__DUPLICATE_METHOD_MATCH = YES;
				"CODE_SIGN_IDENTITY[sdk=iphoneos*]" = "iPhone Developer";
				COPY_PHASE_STRIP = NO;
				DEBUG_INFORMATION_FORMAT = "dwarf-with-dsym";
				ENABLE_NS_ASSERTIONS = NO;
				ENABLE_STRICT_OBJC_MSGSEND = YES;
				GCC_C_LANGUAGE_STANDARD = gnu99;
				GCC_NO_COMMON_BLOCKS = YES;
				GCC_WARN_64_TO_32_BIT_CONVERSION = YES;
				GCC_WARN_ABOUT_RETURN_TYPE = YES_ERROR;
				GCC_WARN_UNDECLARED_SELECTOR = YES;
				GCC_WARN_UNINITIALIZED_AUTOS = YES_AGGRESSIVE;
				GCC_WARN_UNUSED_FUNCTION = YES;
				GCC_WARN_UNUSED_VARIABLE = YES;
				IPHONEOS_DEPLOYMENT_TARGET = 10.3;
				MTL_ENABLE_DEBUG_INFO = NO;
				SDKROOT = iphoneos;
				SWIFT_OPTIMIZATION_LEVEL = "-Owholemodule";
				TARGETED_DEVICE_FAMILY = "1,2";
				VALIDATE_PRODUCT = YES;
			};
			name = Release;
		};
		0261FECF1F0C7E6700F79B46 /* Debug */ = {
			isa = XCBuildConfiguration;
			baseConfigurationReference = DDEE1A473FD8BFEDEC83CB31 /* Pods-Vaza.debug.xcconfig */;
			buildSettings = {
				ASSETCATALOG_COMPILER_APPICON_NAME = AppIcon;
				DEVELOPMENT_TEAM = ZRHSTMPTJB;
				INFOPLIST_FILE = Vaza/Info.plist;
				LD_RUNPATH_SEARCH_PATHS = "$(inherited) @executable_path/Frameworks";
				PRODUCT_BUNDLE_IDENTIFIER = opus.Vaza;
				PRODUCT_NAME = "$(TARGET_NAME)";
				SWIFT_VERSION = 3.0;
			};
			name = Debug;
		};
		0261FED01F0C7E6700F79B46 /* Release */ = {
			isa = XCBuildConfiguration;
			baseConfigurationReference = F4AC3CB035B152B5F20BEC2D /* Pods-Vaza.release.xcconfig */;
			buildSettings = {
				ASSETCATALOG_COMPILER_APPICON_NAME = AppIcon;
				DEVELOPMENT_TEAM = ZRHSTMPTJB;
				INFOPLIST_FILE = Vaza/Info.plist;
				LD_RUNPATH_SEARCH_PATHS = "$(inherited) @executable_path/Frameworks";
				PRODUCT_BUNDLE_IDENTIFIER = opus.Vaza;
				PRODUCT_NAME = "$(TARGET_NAME)";
				SWIFT_VERSION = 3.0;
			};
			name = Release;
		};
/* End XCBuildConfiguration section */

/* Begin XCConfigurationList section */
		0261FEB71F0C7E6700F79B46 /* Build configuration list for PBXProject "Vaza" */ = {
			isa = XCConfigurationList;
			buildConfigurations = (
				0261FECC1F0C7E6700F79B46 /* Debug */,
				0261FECD1F0C7E6700F79B46 /* Release */,
			);
			defaultConfigurationIsVisible = 0;
			defaultConfigurationName = Release;
		};
		0261FECE1F0C7E6700F79B46 /* Build configuration list for PBXNativeTarget "Vaza" */ = {
			isa = XCConfigurationList;
			buildConfigurations = (
				0261FECF1F0C7E6700F79B46 /* Debug */,
				0261FED01F0C7E6700F79B46 /* Release */,
			);
			defaultConfigurationIsVisible = 0;
			defaultConfigurationName = Release;
		};
/* End XCConfigurationList section */
	};
	rootObject = 0261FEB41F0C7E6700F79B46 /* Project object */;
}
